{
  "name": "@mabl/stack-driver-integration-demo",
  "requires": true,
  "lockfileVersion": 1,
  "dependencies": {
    "@google-cloud/monitoring": {
      "version": "1.6.1",
      "resolved": "https://longreen.jfrog.io/longreen/api/npm/npm/@google-cloud/monitoring/-/monitoring-1.6.1.tgz",
      "integrity": "sha1-fuQKtTsjovUMYNfI6ievqnKrK0I=",
      "requires": {
        "google-gax": "^1.7.5"
      }
    },
    "@grpc/grpc-js": {
      "version": "0.6.14",
      "resolved": "https://longreen.jfrog.io/longreen/api/npm/npm/@grpc/grpc-js/-/grpc-js-0.6.14.tgz",
      "integrity": "sha1-lW046FQa8ilv22UfzG6A8w5Rs7U=",
      "requires": {
        "semver": "^6.2.0"
      }
    },
    "@grpc/proto-loader": {
      "version": "0.5.3",
      "resolved": "https://longreen.jfrog.io/longreen/api/npm/npm/@grpc/proto-loader/-/proto-loader-0.5.3.tgz",
      "integrity": "sha1-ojMHByC/dWDE1w4p55UMclSaEyw=",
      "requires": {
        "lodash.camelcase": "^4.3.0",
        "protobufjs": "^6.8.6"
      }
    },
    "@protobufjs/aspromise": {
      "version": "1.1.2",
      "resolved": "https://longreen.jfrog.io/longreen/api/npm/npm/@protobufjs/aspromise/-/aspromise-1.1.2.tgz",
      "integrity": "sha1-m4sMxmPWaafY9vXQiToU00jzD78="
    },
    "@protobufjs/base64": {
      "version": "1.1.2",
      "resolved": "https://longreen.jfrog.io/longreen/api/npm/npm/@protobufjs/base64/-/base64-1.1.2.tgz",
      "integrity": "sha1-TIVzDlm5ofHzSQR9vyQpYDS7JzU="
    },
    "@protobufjs/codegen": {
      "version": "2.0.4",
      "resolved": "https://longreen.jfrog.io/longreen/api/npm/npm/@protobufjs/codegen/-/codegen-2.0.4.tgz",
      "integrity": "sha1-fvN/DQEPsCitGtWXIuUG2SYoFcs="
    },
    "@protobufjs/eventemitter": {
      "version": "1.1.0",
      "resolved": "https://longreen.jfrog.io/longreen/api/npm/npm/@protobufjs/eventemitter/-/eventemitter-1.1.0.tgz",
      "integrity": "sha1-NVy8mLr61ZePntCV85diHx0Ga3A="
    },
    "@protobufjs/fetch": {
      "version": "1.1.0",
      "resolved": "https://longreen.jfrog.io/longreen/api/npm/npm/@protobufjs/fetch/-/fetch-1.1.0.tgz",
      "integrity": "sha1-upn7WYYUr2VwDBYZ/wbUVLDYTEU=",
      "requires": {
        "@protobufjs/aspromise": "^1.1.1",
        "@protobufjs/inquire": "^1.1.0"
      }
    },
    "@protobufjs/float": {
      "version": "1.0.2",
      "resolved": "https://longreen.jfrog.io/longreen/api/npm/npm/@protobufjs/float/-/float-1.0.2.tgz",
      "integrity": "sha1-Xp4avctz/Ap8uLKR33jIy9l7h9E="
    },
    "@protobufjs/inquire": {
      "version": "1.1.0",
      "resolved": "https://longreen.jfrog.io/longreen/api/npm/npm/@protobufjs/inquire/-/inquire-1.1.0.tgz",
      "integrity": "sha1-/yAOPnzyQp4tyvwRQIKOjMY48Ik="
    },
    "@protobufjs/path": {
      "version": "1.1.2",
      "resolved": "https://longreen.jfrog.io/longreen/api/npm/npm/@protobufjs/path/-/path-1.1.2.tgz",
      "integrity": "sha1-bMKyDFya1q0NzP0hynZz2Nf79o0="
    },
    "@protobufjs/pool": {
      "version": "1.1.0",
      "resolved": "https://longreen.jfrog.io/longreen/api/npm/npm/@protobufjs/pool/-/pool-1.1.0.tgz",
      "integrity": "sha1-Cf0V8tbTq/qbZbw2ZQbWrXhG/1Q="
    },
    "@protobufjs/utf8": {
      "version": "1.1.0",
      "resolved": "https://longreen.jfrog.io/longreen/api/npm/npm/@protobufjs/utf8/-/utf8-1.1.0.tgz",
      "integrity": "sha1-p3c2C1s5oaLlEG+OhY8v0tBgxXA="
    },
    "@types/body-parser": {
      "version": "1.17.1",
      "resolved": "https://longreen.jfrog.io/longreen/api/npm/npm/@types/body-parser/-/body-parser-1.17.1.tgz",
      "integrity": "sha1-GPz2F2j7XDDMxQjCHW/S6LO/eJc=",
      "requires": {
        "@types/connect": "*",
        "@types/node": "*"
      }
    },
    "@types/connect": {
      "version": "3.4.33",
      "resolved": "https://longreen.jfrog.io/longreen/api/npm/npm/@types/connect/-/connect-3.4.33.tgz",
      "integrity": "sha1-MWEMkB7KVzuHE8MzCrxua59YhUY=",
      "requires": {
        "@types/node": "*"
      }
    },
    "@types/express": {
      "version": "4.17.2",
      "resolved": "https://longreen.jfrog.io/longreen/api/npm/npm/@types/express/-/express-4.17.2.tgz",
      "integrity": "sha1-oPt6I9iFW6wxvAHVpYyt2bIXPmw=",
      "requires": {
        "@types/body-parser": "*",
        "@types/express-serve-static-core": "*",
        "@types/serve-static": "*"
      }
    },
    "@types/express-serve-static-core": {
      "version": "4.17.0",
      "resolved": "https://longreen.jfrog.io/longreen/api/npm/npm/@types/express-serve-static-core/-/express-serve-static-core-4.17.0.tgz",
      "integrity": "sha1-6AwlkD31gA6SZAK36CZ6Z1xUooE=",
      "requires": {
        "@types/node": "*",
        "@types/range-parser": "*"
      }
    },
    "@types/long": {
      "version": "4.0.0",
      "resolved": "https://longreen.jfrog.io/longreen/api/npm/npm/@types/long/-/long-4.0.0.tgz",
      "integrity": "sha1-cZVR0jUtMBrIuB23Mqy2vcKNve8="
    },
    "@types/mime": {
      "version": "2.0.1",
      "resolved": "https://longreen.jfrog.io/longreen/api/npm/npm/@types/mime/-/mime-2.0.1.tgz",
      "integrity": "sha1-3EiIQjEqfwdRSTEpBbXjwLBUx50="
    },
    "@types/node": {
      "version": "10.17.11",
      "resolved": "https://longreen.jfrog.io/longreen/api/npm/npm/@types/node/-/node-10.17.11.tgz",
      "integrity": "sha1-RroDX7kXsxyUgoDb6iKriDjzhqQ="
    },
    "@types/range-parser": {
      "version": "1.2.3",
      "resolved": "https://longreen.jfrog.io/longreen/api/npm/npm/@types/range-parser/-/range-parser-1.2.3.tgz",
      "integrity": "sha1-fuMwunyq+5gJC+zoal7kQRWQTCw="
    },
    "@types/serve-static": {
      "version": "1.13.3",
      "resolved": "https://longreen.jfrog.io/longreen/api/npm/npm/@types/serve-static/-/serve-static-1.13.3.tgz",
      "integrity": "sha1-634cQcRGgnJVfol+kXHe1eLe2dE=",
      "requires": {
        "@types/express-serve-static-core": "*",
        "@types/mime": "*"
      }
    },
    "abort-controller": {
      "version": "3.0.0",
      "resolved": "https://longreen.jfrog.io/longreen/api/npm/npm/abort-controller/-/abort-controller-3.0.0.tgz",
      "integrity": "sha1-6vVNU7YrrkE46AnKIlyEOabvs5I=",
      "requires": {
        "event-target-shim": "^5.0.0"
      }
    },
    "agent-base": {
      "version": "4.3.0",
      "resolved": "https://longreen.jfrog.io/longreen/api/npm/npm/agent-base/-/agent-base-4.3.0.tgz",
      "integrity": "sha1-gWXwHENgCbzK0LHRIvBe13Dvxu4=",
      "requires": {
        "es6-promisify": "^5.0.0"
      }
    },
    "arrify": {
      "version": "2.0.1",
      "resolved": "https://longreen.jfrog.io/longreen/api/npm/npm/arrify/-/arrify-2.0.1.tgz",
      "integrity": "sha1-yWVekzHgq81YjSp8rX6ZVvZnAfo="
    },
    "base64-js": {
      "version": "1.3.1",
      "resolved": "https://longreen.jfrog.io/longreen/api/npm/npm/base64-js/-/base64-js-1.3.1.tgz",
      "integrity": "sha1-WOzoy3XdB+ce0IxzarxfrE2/jfE="
    },
    "bignumber.js": {
      "version": "7.2.1",
      "resolved": "https://longreen.jfrog.io/longreen/api/npm/npm/bignumber.js/-/bignumber.js-7.2.1.tgz",
      "integrity": "sha1-gMBIdZ2CaACAfEv9Uh5Q7bulel8="
    },
    "buffer-equal-constant-time": {
      "version": "1.0.1",
      "resolved": "https://longreen.jfrog.io/longreen/api/npm/npm/buffer-equal-constant-time/-/buffer-equal-constant-time-1.0.1.tgz",
      "integrity": "sha1-+OcRMvf/5uAaXJaXpMbz5I1cyBk="
    },
    "core-util-is": {
      "version": "1.0.2",
      "resolved": "https://longreen.jfrog.io/longreen/api/npm/npm/core-util-is/-/core-util-is-1.0.2.tgz",
      "integrity": "sha1-tf1UIgqivFq1eqtxQMlAdUUDwac="
    },
    "debug": {
      "version": "3.2.6",
      "resolved": "https://longreen.jfrog.io/longreen/api/npm/npm/debug/-/debug-3.2.6.tgz",
      "integrity": "sha1-6D0X3hbYp++3cX7b5fsQE17uYps=",
      "requires": {
        "ms": "^2.1.1"
      }
    },
    "duplexify": {
      "version": "3.7.1",
      "resolved": "https://longreen.jfrog.io/longreen/api/npm/npm/duplexify/-/duplexify-3.7.1.tgz",
      "integrity": "sha1-Kk31MX9sz9kfhtb9JdjYoQO4gwk=",
      "requires": {
        "end-of-stream": "^1.0.0",
        "inherits": "^2.0.1",
        "readable-stream": "^2.0.0",
        "stream-shift": "^1.0.0"
      }
    },
    "ecdsa-sig-formatter": {
      "version": "1.0.11",
      "resolved": "https://longreen.jfrog.io/longreen/api/npm/npm/ecdsa-sig-formatter/-/ecdsa-sig-formatter-1.0.11.tgz",
      "integrity": "sha1-rg8PothQRe8UqBfao86azQSJ5b8=",
      "requires": {
        "safe-buffer": "^5.0.1"
      }
    },
    "end-of-stream": {
      "version": "1.4.4",
      "resolved": "https://longreen.jfrog.io/longreen/api/npm/npm/end-of-stream/-/end-of-stream-1.4.4.tgz",
      "integrity": "sha1-WuZKX0UFe682JuwU2gyl5LJDHrA=",
      "requires": {
        "once": "^1.4.0"
      }
    },
    "es6-promise": {
      "version": "4.2.8",
      "resolved": "https://longreen.jfrog.io/longreen/api/npm/npm/es6-promise/-/es6-promise-4.2.8.tgz",
      "integrity": "sha1-TrIVlMlyvEBVPSduUQU5FD21Pgo="
    },
    "es6-promisify": {
      "version": "5.0.0",
      "resolved": "https://longreen.jfrog.io/longreen/api/npm/npm/es6-promisify/-/es6-promisify-5.0.0.tgz",
      "integrity": "sha1-UQnWLz5W6pZ8S2NQWu8IKRyKUgM=",
      "requires": {
        "es6-promise": "^4.0.3"
      }
    },
    "event-target-shim": {
      "version": "5.0.1",
      "resolved": "https://longreen.jfrog.io/longreen/api/npm/npm/event-target-shim/-/event-target-shim-5.0.1.tgz",
      "integrity": "sha1-XU0+vflYPWOlMzzi3rdICrKwV4k="
    },
    "extend": {
      "version": "3.0.2",
      "resolved": "https://longreen.jfrog.io/longreen/api/npm/npm/extend/-/extend-3.0.2.tgz",
      "integrity": "sha1-+LETa0Bx+9jrFAr/hYsQGewpFfo="
    },
    "fast-text-encoding": {
      "version": "1.0.0",
      "resolved": "https://longreen.jfrog.io/longreen/api/npm/npm/fast-text-encoding/-/fast-text-encoding-1.0.0.tgz",
      "integrity": "sha1-PlzoKTQJz6pxd6cbnKhOGx5vJe8="
    },
    "gaxios": {
      "version": "2.2.0",
      "resolved": "https://longreen.jfrog.io/longreen/api/npm/npm/gaxios/-/gaxios-2.2.0.tgz",
      "integrity": "sha1-fFFlPCJEFaySGEFsuU/0hhC4Frw=",
      "requires": {
        "abort-controller": "^3.0.0",
        "extend": "^3.0.2",
        "https-proxy-agent": "^3.0.0",
        "is-stream": "^2.0.0",
        "node-fetch": "^2.3.0"
      }
    },
    "gcp-metadata": {
      "version": "3.3.0",
      "resolved": "https://longreen.jfrog.io/longreen/api/npm/npm/gcp-metadata/-/gcp-metadata-3.3.0.tgz",
      "integrity": "sha1-3wYfDA2j+ydLIPSvDZVQMLvCHqw=",
      "requires": {
        "gaxios": "^2.1.0",
        "json-bigint": "^0.3.0"
      }
    },
    "google-auth-library": {
      "version": "5.7.0",
      "resolved": "https://longreen.jfrog.io/longreen/api/npm/npm/google-auth-library/-/google-auth-library-5.7.0.tgz",
      "integrity": "sha1-LYJzeTqRd/nzfzkghh9CVkGcd64=",
      "requires": {
        "arrify": "^2.0.0",
        "base64-js": "^1.3.0",
        "fast-text-encoding": "^1.0.0",
        "gaxios": "^2.1.0",
        "gcp-metadata": "^3.2.0",
        "gtoken": "^4.1.0",
        "jws": "^3.1.5",
        "lru-cache": "^5.0.0"
      }
    },
    "google-gax": {
      "version": "1.12.0",
      "resolved": "https://longreen.jfrog.io/longreen/api/npm/npm/google-gax/-/google-gax-1.12.0.tgz",
      "integrity": "sha1-+Sb35qvaJF2zjsvru/WNqvOo9oc=",
      "requires": {
        "@grpc/grpc-js": "^0.6.12",
        "@grpc/proto-loader": "^0.5.1",
        "@types/long": "^4.0.0",
        "abort-controller": "^3.0.0",
        "duplexify": "^3.6.0",
        "google-auth-library": "^5.0.0",
        "is-stream-ended": "^0.1.4",
        "lodash.at": "^4.6.0",
        "lodash.has": "^4.5.2",
        "node-fetch": "^2.6.0",
        "protobufjs": "^6.8.8",
        "retry-request": "^4.0.0",
        "semver": "^6.0.0",
        "walkdir": "^0.4.0"
      }
    },
    "google-p12-pem": {
      "version": "2.0.3",
      "resolved": "https://longreen.jfrog.io/longreen/api/npm/npm/google-p12-pem/-/google-p12-pem-2.0.3.tgz",
      "integrity": "sha1-FOzXipS9A7+G102dByR4foXHcx8=",
      "requires": {
        "node-forge": "^0.9.0"
      }
    },
    "gtoken": {
      "version": "4.1.3",
      "resolved": "https://longreen.jfrog.io/longreen/api/npm/npm/gtoken/-/gtoken-4.1.3.tgz",
      "integrity": "sha1-76nkL1nQJzHxXeRmsJMx16/Dk88=",
      "requires": {
        "gaxios": "^2.1.0",
        "google-p12-pem": "^2.0.0",
        "jws": "^3.1.5",
        "mime": "^2.2.0"
      }
    },
    "https-proxy-agent": {
      "version": "3.0.1",
      "resolved": "https://longreen.jfrog.io/longreen/api/npm/npm/https-proxy-agent/-/https-proxy-agent-3.0.1.tgz",
      "integrity": "sha1-uMKGQz6HYCMRsByOo0QT2Fakr4E=",
      "requires": {
        "agent-base": "^4.3.0",
        "debug": "^3.1.0"
      }
    },
    "inherits": {
      "version": "2.0.4",
      "resolved": "https://longreen.jfrog.io/longreen/api/npm/npm/inherits/-/inherits-2.0.4.tgz",
      "integrity": "sha1-D6LGT5MpF8NDOg3tVTY6rjdBa3w="
    },
    "is-stream": {
      "version": "2.0.0",
      "resolved": "https://longreen.jfrog.io/longreen/api/npm/npm/is-stream/-/is-stream-2.0.0.tgz",
      "integrity": "sha1-venDJoDW+uBBKdasnZIc54FfeOM="
    },
    "is-stream-ended": {
      "version": "0.1.4",
      "resolved": "https://longreen.jfrog.io/longreen/api/npm/npm/is-stream-ended/-/is-stream-ended-0.1.4.tgz",
      "integrity": "sha1-9QIk6V4GvODjVtRApIJ801smfto="
    },
    "isarray": {
      "version": "1.0.0",
      "resolved": "https://longreen.jfrog.io/longreen/api/npm/npm/isarray/-/isarray-1.0.0.tgz",
      "integrity": "sha1-u5NdSFgsuhaMBoNJV6VKPgcSTxE="
    },
    "json-bigint": {
      "version": "0.3.0",
      "resolved": "https://longreen.jfrog.io/longreen/api/npm/npm/json-bigint/-/json-bigint-0.3.0.tgz",
      "integrity": "sha1-DM2RLEuCcNBfBW+9E4FLU9OCWx4=",
      "requires": {
        "bignumber.js": "^7.0.0"
      }
    },
    "jwa": {
      "version": "1.4.1",
      "resolved": "https://longreen.jfrog.io/longreen/api/npm/npm/jwa/-/jwa-1.4.1.tgz",
      "integrity": "sha1-dDwymFy56YZVUw1TZBtmyGRbA5o=",
      "requires": {
        "buffer-equal-constant-time": "1.0.1",
        "ecdsa-sig-formatter": "1.0.11",
        "safe-buffer": "^5.0.1"
      }
    },
    "jws": {
      "version": "3.2.2",
      "resolved": "https://longreen.jfrog.io/longreen/api/npm/npm/jws/-/jws-3.2.2.tgz",
      "integrity": "sha1-ABCZ82OUaMlBQADpmZX6UvtHgwQ=",
      "requires": {
        "jwa": "^1.4.1",
        "safe-buffer": "^5.0.1"
      }
    },
    "lodash.at": {
      "version": "4.6.0",
      "resolved": "https://longreen.jfrog.io/longreen/api/npm/npm/lodash.at/-/lodash.at-4.6.0.tgz",
      "integrity": "sha1-k83OZk8KGZTqM9181A4jr9EbD/g="
    },
    "lodash.camelcase": {
      "version": "4.3.0",
      "resolved": "https://longreen.jfrog.io/longreen/api/npm/npm/lodash.camelcase/-/lodash.camelcase-4.3.0.tgz",
      "integrity": "sha1-soqmKIorn8ZRA1x3EfZathkDMaY="
    },
    "lodash.has": {
      "version": "4.5.2",
      "resolved": "https://longreen.jfrog.io/longreen/api/npm/npm/lodash.has/-/lodash.has-4.5.2.tgz",
      "integrity": "sha1-0Z9NwQlQWMzL4rDN9O4P5Ko3yGI="
    },
    "long": {
      "version": "4.0.0",
      "resolved": "https://longreen.jfrog.io/longreen/api/npm/npm/long/-/long-4.0.0.tgz",
      "integrity": "sha1-mntxz7fTYaGU6lVSQckvdGjVvyg="
    },
    "lru-cache": {
      "version": "5.1.1",
      "resolved": "https://longreen.jfrog.io/longreen/api/npm/npm/lru-cache/-/lru-cache-5.1.1.tgz",
      "integrity": "sha1-HaJ+ZxAnGUdpXa9oSOhH8B2EuSA=",
      "requires": {
        "yallist": "^3.0.2"
      }
    },
    "mime": {
      "version": "2.4.4",
      "resolved": "https://longreen.jfrog.io/longreen/api/npm/npm/mime/-/mime-2.4.4.tgz",
      "integrity": "sha1-vXuRE1/GsBzePpuuM9ZZtj2IV+U="
    },
    "ms": {
      "version": "2.1.2",
      "resolved": "https://longreen.jfrog.io/longreen/api/npm/npm/ms/-/ms-2.1.2.tgz",
      "integrity": "sha1-0J0fNXtEP0kzgqjrPM0YOHKuYAk="
    },
    "node-fetch": {
      "version": "2.6.0",
      "resolved": "https://longreen.jfrog.io/longreen/api/npm/npm/node-fetch/-/node-fetch-2.6.0.tgz",
      "integrity": "sha1-5jNFY4bUqlWGP2dqerDaqP3ssP0="
    },
    "node-forge": {
      "version": "0.9.1",
      "resolved": "https://longreen.jfrog.io/longreen/api/npm/npm/node-forge/-/node-forge-0.9.1.tgz",
      "integrity": "sha1-d1No5oRlWKtmdoWKTYxujRbGd7U="
    },
    "once": {
      "version": "1.4.0",
      "resolved": "https://longreen.jfrog.io/longreen/api/npm/npm/once/-/once-1.4.0.tgz",
      "integrity": "sha1-WDsap3WWHUsROsF9nFC6753Xa9E=",
      "requires": {
        "wrappy": "1"
      }
    },
    "process-nextick-args": {
      "version": "2.0.1",
      "resolved": "https://longreen.jfrog.io/longreen/api/npm/npm/process-nextick-args/-/process-nextick-args-2.0.1.tgz",
      "integrity": "sha1-eCDZsWEgzFXKmud5JoCufbptf+I="
    },
    "protobufjs": {
      "version": "6.8.8",
      "resolved": "https://longreen.jfrog.io/longreen/api/npm/npm/protobufjs/-/protobufjs-6.8.8.tgz",
      "integrity": "sha1-yLTxKC/XqQ5vWxCe0RyEr4KQjnw=",
      "requires": {
        "@protobufjs/aspromise": "^1.1.2",
        "@protobufjs/base64": "^1.1.2",
        "@protobufjs/codegen": "^2.0.4",
        "@protobufjs/eventemitter": "^1.1.0",
        "@protobufjs/fetch": "^1.1.0",
        "@protobufjs/float": "^1.0.2",
        "@protobufjs/inquire": "^1.1.0",
        "@protobufjs/path": "^1.1.2",
        "@protobufjs/pool": "^1.1.0",
        "@protobufjs/utf8": "^1.1.0",
        "@types/long": "^4.0.0",
        "@types/node": "^10.1.0",
        "long": "^4.0.0"
      }
    },
    "readable-stream": {
      "version": "2.3.6",
      "resolved": "https://longreen.jfrog.io/longreen/api/npm/npm/readable-stream/-/readable-stream-2.3.6.tgz",
      "integrity": "sha1-sRwn2IuP8fvgcGQ8+UsMea4bCq8=",
      "requires": {
        "core-util-is": "~1.0.0",
        "inherits": "~2.0.3",
        "isarray": "~1.0.0",
        "process-nextick-args": "~2.0.0",
        "safe-buffer": "~5.1.1",
        "string_decoder": "~1.1.1",
        "util-deprecate": "~1.0.1"
      }
    },
    "retry-request": {
      "version": "4.1.1",
      "resolved": "https://longreen.jfrog.io/longreen/api/npm/npm/retry-request/-/retry-request-4.1.1.tgz",
      "integrity": "sha1-9nbQ2w3npvEiwEhibOfOEhAdK9g=",
      "requires": {
        "debug": "^4.1.1",
        "through2": "^3.0.1"
      },
      "dependencies": {
        "debug": {
          "version": "4.1.1",
          "resolved": "https://longreen.jfrog.io/longreen/api/npm/npm/debug/-/debug-4.1.1.tgz",
          "integrity": "sha1-O3ImAlUQnGtYnO4FDx1RYTlmR5E=",
          "requires": {
            "ms": "^2.1.1"
          }
        }
      }
    },
    "safe-buffer": {
      "version": "5.1.2",
      "resolved": "https://longreen.jfrog.io/longreen/api/npm/npm/safe-buffer/-/safe-buffer-5.1.2.tgz",
      "integrity": "sha1-mR7GnSluAxN0fVm9/St0XDX4go0="
    },
    "semver": {
      "version": "6.3.0",
      "resolved": "https://longreen.jfrog.io/longreen/api/npm/npm/semver/-/semver-6.3.0.tgz",
      "integrity": "sha1-7gpkyK9ejO6mdoexM3YeG+y9HT0="
    },
    "stream-shift": {
      "version": "1.0.1",
      "resolved": "https://longreen.jfrog.io/longreen/api/npm/npm/stream-shift/-/stream-shift-1.0.1.tgz",
      "integrity": "sha1-1wiCgVWasneEJCebCHfaPDktWj0="
    },
    "string_decoder": {
      "version": "1.1.1",
      "resolved": "https://longreen.jfrog.io/longreen/api/npm/npm/string_decoder/-/string_decoder-1.1.1.tgz",
      "integrity": "sha1-nPFhG6YmhdcDCunkujQUnDrwP8g=",
      "requires": {
        "safe-buffer": "~5.1.0"
      }
    },
    "through2": {
      "version": "3.0.1",
      "resolved": "https://longreen.jfrog.io/longreen/api/npm/npm/through2/-/through2-3.0.1.tgz",
      "integrity": "sha1-OSducTwzAu3544jdnIEt07glvVo=",
      "requires": {
        "readable-stream": "2 || 3"
      }
    },
    "typescript": {
      "version": "3.7.3",
      "resolved": "https://longreen.jfrog.io/longreen/api/npm/npm/typescript/-/typescript-3.7.3.tgz",
      "integrity": "sha1-s2hAZooWRYpwJbnqv60Rtmq4XGk="
    },
    "util-deprecate": {
      "version": "1.0.2",
      "resolved": "https://longreen.jfrog.io/longreen/api/npm/npm/util-deprecate/-/util-deprecate-1.0.2.tgz",
      "integrity": "sha1-RQ1Nyfpw3nMnYvvS1KKJgUGaDM8="
    },
    "walkdir": {
      "version": "0.4.1",
      "resolved": "https://longreen.jfrog.io/longreen/api/npm/npm/walkdir/-/walkdir-0.4.1.tgz",
      "integrity": "sha1-3BGfg/RCHfUuMGHlFCKKLbIK+jk="
    },
    "wrappy": {
      "version": "1.0.2",
      "resolved": "https://longreen.jfrog.io/longreen/api/npm/npm/wrappy/-/wrappy-1.0.2.tgz",
      "integrity": "sha1-tSQ9jz7BqjXxNkYFvA0QNuMKtp8="
    },
    "yallist": {
      "version": "3.1.1",
      "resolved": "https://longreen.jfrog.io/longreen/api/npm/npm/yallist/-/yallist-3.1.1.tgz",
      "integrity": "sha1-27fa+b/YusmrRev2ArjLrQ1dCP0="
    }
  }
}
