{
  "name": "@mablhq/stack-driver-integration-demo",
  "requires": true,
  "lockfileVersion": 1,
  "dependencies": {
    "@google-cloud/monitoring": {
      "version": "2.1.5",
      "resolved": "https://longreen.jfrog.io/longreen/api/npm/npm/@google-cloud/monitoring/-/monitoring-2.1.5.tgz",
      "integrity": "sha1-7UqWbM94HqAjjBklzWWaNvub5zo=",
      "requires": {
        "google-gax": "^2.9.2"
      }
    },
    "@grpc/grpc-js": {
      "version": "1.2.3",
      "resolved": "https://longreen.jfrog.io/longreen/api/npm/npm/@grpc/grpc-js/-/grpc-js-1.2.3.tgz",
      "integrity": "sha1-Ndy8o8t0Fe9axuc9RAgOvLRKS+U=",
      "requires": {
        "@types/node": "^12.12.47",
        "google-auth-library": "^6.1.1",
        "semver": "^6.2.0"
      },
      "dependencies": {
        "@types/node": {
          "version": "12.19.12",
          "resolved": "https://longreen.jfrog.io/longreen/api/npm/npm/@types/node/-/node-12.19.12.tgz",
          "integrity": "sha1-BHk8KvpM6DOply5MR2Qy4w+d9Hs="
        }
      }
    },
    "@grpc/proto-loader": {
      "version": "0.5.5",
      "resolved": "https://longreen.jfrog.io/longreen/api/npm/npm/@grpc/proto-loader/-/proto-loader-0.5.5.tgz",
      "integrity": "sha1-ZyXnoYJ7346S4p+/Tp7wIDwJBqk=",
      "requires": {
        "lodash.camelcase": "^4.3.0",
        "protobufjs": "^6.8.6"
      }
    },
    "@protobufjs/aspromise": {
      "version": "1.1.2",
      "resolved": "https://longreen.jfrog.io/longreen/api/npm/npm/@protobufjs/aspromise/-/aspromise-1.1.2.tgz",
      "integrity": "sha1-m4sMxmPWaafY9vXQiToU00jzD78="
    },
    "@protobufjs/base64": {
      "version": "1.1.2",
      "resolved": "https://longreen.jfrog.io/longreen/api/npm/npm/@protobufjs/base64/-/base64-1.1.2.tgz",
      "integrity": "sha1-TIVzDlm5ofHzSQR9vyQpYDS7JzU="
    },
    "@protobufjs/codegen": {
      "version": "2.0.4",
      "resolved": "https://longreen.jfrog.io/longreen/api/npm/npm/@protobufjs/codegen/-/codegen-2.0.4.tgz",
      "integrity": "sha1-fvN/DQEPsCitGtWXIuUG2SYoFcs="
    },
    "@protobufjs/eventemitter": {
      "version": "1.1.0",
      "resolved": "https://longreen.jfrog.io/longreen/api/npm/npm/@protobufjs/eventemitter/-/eventemitter-1.1.0.tgz",
      "integrity": "sha1-NVy8mLr61ZePntCV85diHx0Ga3A="
    },
    "@protobufjs/fetch": {
      "version": "1.1.0",
      "resolved": "https://longreen.jfrog.io/longreen/api/npm/npm/@protobufjs/fetch/-/fetch-1.1.0.tgz",
      "integrity": "sha1-upn7WYYUr2VwDBYZ/wbUVLDYTEU=",
      "requires": {
        "@protobufjs/aspromise": "^1.1.1",
        "@protobufjs/inquire": "^1.1.0"
      }
    },
    "@protobufjs/float": {
      "version": "1.0.2",
      "resolved": "https://longreen.jfrog.io/longreen/api/npm/npm/@protobufjs/float/-/float-1.0.2.tgz",
      "integrity": "sha1-Xp4avctz/Ap8uLKR33jIy9l7h9E="
    },
    "@protobufjs/inquire": {
      "version": "1.1.0",
      "resolved": "https://longreen.jfrog.io/longreen/api/npm/npm/@protobufjs/inquire/-/inquire-1.1.0.tgz",
      "integrity": "sha1-/yAOPnzyQp4tyvwRQIKOjMY48Ik="
    },
    "@protobufjs/path": {
      "version": "1.1.2",
      "resolved": "https://longreen.jfrog.io/longreen/api/npm/npm/@protobufjs/path/-/path-1.1.2.tgz",
      "integrity": "sha1-bMKyDFya1q0NzP0hynZz2Nf79o0="
    },
    "@protobufjs/pool": {
      "version": "1.1.0",
      "resolved": "https://longreen.jfrog.io/longreen/api/npm/npm/@protobufjs/pool/-/pool-1.1.0.tgz",
      "integrity": "sha1-Cf0V8tbTq/qbZbw2ZQbWrXhG/1Q="
    },
    "@protobufjs/utf8": {
      "version": "1.1.0",
      "resolved": "https://longreen.jfrog.io/longreen/api/npm/npm/@protobufjs/utf8/-/utf8-1.1.0.tgz",
      "integrity": "sha1-p3c2C1s5oaLlEG+OhY8v0tBgxXA="
    },
    "@types/body-parser": {
      "version": "1.19.0",
      "resolved": "https://longreen.jfrog.io/longreen/api/npm/npm/@types/body-parser/-/body-parser-1.19.0.tgz",
      "integrity": "sha1-BoWzxH6zAG/+0RfN1VFkth+AU48=",
      "dev": true,
      "requires": {
        "@types/connect": "*",
        "@types/node": "*"
      }
    },
    "@types/connect": {
      "version": "3.4.34",
      "resolved": "https://longreen.jfrog.io/longreen/api/npm/npm/@types/connect/-/connect-3.4.34.tgz",
      "integrity": "sha1-FwpAIjptZmAG2TyhKK8r6x2bGQE=",
      "dev": true,
      "requires": {
        "@types/node": "*"
      }
    },
    "@types/express": {
      "version": "4.17.9",
      "resolved": "https://longreen.jfrog.io/longreen/api/npm/npm/@types/express/-/express-4.17.9.tgz",
      "integrity": "sha1-9fLfat1wP/KEKK3VK97IoQkbCng=",
      "dev": true,
      "requires": {
        "@types/body-parser": "*",
        "@types/express-serve-static-core": "*",
        "@types/qs": "*",
        "@types/serve-static": "*"
      }
    },
    "@types/express-serve-static-core": {
      "version": "4.17.17",
      "resolved": "https://longreen.jfrog.io/longreen/api/npm/npm/@types/express-serve-static-core/-/express-serve-static-core-4.17.17.tgz",
      "integrity": "sha1-a6AkZRZbbJw9jbOije9rFvybcPU=",
      "dev": true,
      "requires": {
        "@types/node": "*",
        "@types/qs": "*",
        "@types/range-parser": "*"
      }
    },
    "@types/long": {
      "version": "4.0.1",
      "resolved": "https://longreen.jfrog.io/longreen/api/npm/npm/@types/long/-/long-4.0.1.tgz",
      "integrity": "sha1-RZxl+hhn2v5qjzIsTFFpVmPMVek="
    },
    "@types/mime": {
      "version": "2.0.3",
      "resolved": "https://longreen.jfrog.io/longreen/api/npm/npm/@types/mime/-/mime-2.0.3.tgz",
      "integrity": "sha1-yJO3NyHbc2mZQ7/DZTsd63+qSjo=",
      "dev": true
    },
    "@types/node": {
      "version": "10.17.11",
      "resolved": "https://longreen.jfrog.io/longreen/api/npm/npm/@types/node/-/node-10.17.11.tgz",
      "integrity": "sha1-RroDX7kXsxyUgoDb6iKriDjzhqQ=",
      "dev": true
    },
    "@types/qs": {
      "version": "6.9.5",
      "resolved": "https://longreen.jfrog.io/longreen/api/npm/npm/@types/qs/-/qs-6.9.5.tgz",
      "integrity": "sha1-Q0cRvdSete5p2QwdZ8NUqajssYs=",
      "dev": true
    },
    "@types/range-parser": {
      "version": "1.2.3",
      "resolved": "https://longreen.jfrog.io/longreen/api/npm/npm/@types/range-parser/-/range-parser-1.2.3.tgz",
      "integrity": "sha1-fuMwunyq+5gJC+zoal7kQRWQTCw=",
      "dev": true
    },
    "@types/serve-static": {
      "version": "1.13.8",
      "resolved": "https://longreen.jfrog.io/longreen/api/npm/npm/@types/serve-static/-/serve-static-1.13.8.tgz",
      "integrity": "sha1-hREp1DRDPHCCFIV0/+wmPVgwnEY=",
      "dev": true,
      "requires": {
        "@types/mime": "*",
        "@types/node": "*"
      }
    },
    "abort-controller": {
      "version": "3.0.0",
      "resolved": "https://longreen.jfrog.io/longreen/api/npm/npm/abort-controller/-/abort-controller-3.0.0.tgz",
      "integrity": "sha1-6vVNU7YrrkE46AnKIlyEOabvs5I=",
      "requires": {
        "event-target-shim": "^5.0.0"
      }
    },
    "agent-base": {
      "version": "6.0.2",
      "resolved": "https://longreen.jfrog.io/longreen/api/npm/npm/agent-base/-/agent-base-6.0.2.tgz",
      "integrity": "sha1-Sf/1hXfP7j83F2/qtMIuAPhtf3c=",
      "requires": {
        "debug": "4"
      }
    },
    "arrify": {
      "version": "2.0.1",
      "resolved": "https://longreen.jfrog.io/longreen/api/npm/npm/arrify/-/arrify-2.0.1.tgz",
      "integrity": "sha1-yWVekzHgq81YjSp8rX6ZVvZnAfo="
    },
    "base64-js": {
      "version": "1.5.1",
      "resolved": "https://longreen.jfrog.io/longreen/api/npm/npm/base64-js/-/base64-js-1.5.1.tgz",
      "integrity": "sha1-GxtEAWClv3rUC2UPCVljSBkDkwo="
    },
    "bignumber.js": {
      "version": "9.0.1",
      "resolved": "https://longreen.jfrog.io/longreen/api/npm/npm/bignumber.js/-/bignumber.js-9.0.1.tgz",
      "integrity": "sha1-jXuhJMiCv9jkMmDGdHVRjQaJ5OU="
    },
    "buffer-equal-constant-time": {
      "version": "1.0.1",
      "resolved": "https://longreen.jfrog.io/longreen/api/npm/npm/buffer-equal-constant-time/-/buffer-equal-constant-time-1.0.1.tgz",
      "integrity": "sha1-+OcRMvf/5uAaXJaXpMbz5I1cyBk="
    },
    "debug": {
      "version": "4.3.1",
      "resolved": "https://longreen.jfrog.io/longreen/api/npm/npm/debug/-/debug-4.3.1.tgz",
      "integrity": "sha1-8NIpxQXgxtjEmsVT0bE9wYP2su4=",
      "requires": {
        "ms": "2.1.2"
      }
    },
    "duplexify": {
      "version": "4.1.1",
      "resolved": "https://longreen.jfrog.io/longreen/api/npm/npm/duplexify/-/duplexify-4.1.1.tgz",
      "integrity": "sha1-cCfcN08VexIqiuCMLT6k0tlTqmE=",
      "requires": {
        "end-of-stream": "^1.4.1",
        "inherits": "^2.0.3",
        "readable-stream": "^3.1.1",
        "stream-shift": "^1.0.0"
      }
    },
    "ecdsa-sig-formatter": {
      "version": "1.0.11",
      "resolved": "https://longreen.jfrog.io/longreen/api/npm/npm/ecdsa-sig-formatter/-/ecdsa-sig-formatter-1.0.11.tgz",
      "integrity": "sha1-rg8PothQRe8UqBfao86azQSJ5b8=",
      "requires": {
        "safe-buffer": "^5.0.1"
      }
    },
    "end-of-stream": {
      "version": "1.4.4",
      "resolved": "https://longreen.jfrog.io/longreen/api/npm/npm/end-of-stream/-/end-of-stream-1.4.4.tgz",
      "integrity": "sha1-WuZKX0UFe682JuwU2gyl5LJDHrA=",
      "requires": {
        "once": "^1.4.0"
      }
    },
    "event-target-shim": {
      "version": "5.0.1",
      "resolved": "https://longreen.jfrog.io/longreen/api/npm/npm/event-target-shim/-/event-target-shim-5.0.1.tgz",
      "integrity": "sha1-XU0+vflYPWOlMzzi3rdICrKwV4k="
    },
    "extend": {
      "version": "3.0.2",
      "resolved": "https://longreen.jfrog.io/longreen/api/npm/npm/extend/-/extend-3.0.2.tgz",
      "integrity": "sha1-+LETa0Bx+9jrFAr/hYsQGewpFfo="
    },
    "fast-text-encoding": {
      "version": "1.0.3",
      "resolved": "https://longreen.jfrog.io/longreen/api/npm/npm/fast-text-encoding/-/fast-text-encoding-1.0.3.tgz",
      "integrity": "sha1-7AKsjgGrijGa8YLa4mgSE8/pzlM="
    },
    "gaxios": {
      "version": "4.1.0",
      "resolved": "https://longreen.jfrog.io/longreen/api/npm/npm/gaxios/-/gaxios-4.1.0.tgz",
      "integrity": "sha1-6K1GbbWkODxwudY7/RTfqofrAJk=",
      "requires": {
        "abort-controller": "^3.0.0",
        "extend": "^3.0.2",
        "https-proxy-agent": "^5.0.0",
        "is-stream": "^2.0.0",
        "node-fetch": "^2.3.0"
      }
    },
    "gcp-metadata": {
      "version": "4.2.1",
      "resolved": "https://longreen.jfrog.io/longreen/api/npm/npm/gcp-metadata/-/gcp-metadata-4.2.1.tgz",
      "integrity": "sha1-MYSfvPkCXvNMIpfDKomh5+nyzWI=",
      "requires": {
        "gaxios": "^4.0.0",
        "json-bigint": "^1.0.0"
      }
    },
    "google-auth-library": {
      "version": "6.1.4",
      "resolved": "https://longreen.jfrog.io/longreen/api/npm/npm/google-auth-library/-/google-auth-library-6.1.4.tgz",
      "integrity": "sha1-vHDE87ZoGuUnM0NGa87zdXe37kQ=",
      "requires": {
        "arrify": "^2.0.0",
        "base64-js": "^1.3.0",
        "ecdsa-sig-formatter": "^1.0.11",
        "fast-text-encoding": "^1.0.0",
        "gaxios": "^4.0.0",
        "gcp-metadata": "^4.2.0",
        "gtoken": "^5.0.4",
        "jws": "^4.0.0",
        "lru-cache": "^6.0.0"
      }
    },
    "google-gax": {
      "version": "2.10.0",
      "resolved": "https://longreen.jfrog.io/longreen/api/npm/npm/google-gax/-/google-gax-2.10.0.tgz",
      "integrity": "sha1-eRjlGU/jxfQzDMyzo7ZuNorHDY8=",
      "requires": {
        "@grpc/grpc-js": "~1.2.0",
        "@grpc/proto-loader": "^0.5.1",
        "@types/long": "^4.0.0",
        "abort-controller": "^3.0.0",
        "duplexify": "^4.0.0",
        "fast-text-encoding": "^1.0.3",
        "google-auth-library": "^6.1.3",
        "is-stream-ended": "^0.1.4",
        "node-fetch": "^2.6.1",
        "protobufjs": "^6.10.2",
        "retry-request": "^4.0.0"
      }
    },
    "google-p12-pem": {
      "version": "3.0.3",
      "resolved": "https://longreen.jfrog.io/longreen/api/npm/npm/google-p12-pem/-/google-p12-pem-3.0.3.tgz",
      "integrity": "sha1-ZzrDp105A6h/BYePPHXgb8FRZp4=",
      "requires": {
        "node-forge": "^0.10.0"
      }
    },
    "gtoken": {
      "version": "5.1.0",
      "resolved": "https://longreen.jfrog.io/longreen/api/npm/npm/gtoken/-/gtoken-5.1.0.tgz",
      "integrity": "sha1-S6jS/JqEWQmPdufo/Xvqo5/an+Q=",
      "requires": {
        "gaxios": "^4.0.0",
        "google-p12-pem": "^3.0.3",
        "jws": "^4.0.0",
        "mime": "^2.2.0"
      }
    },
    "https-proxy-agent": {
      "version": "5.0.0",
      "resolved": "https://longreen.jfrog.io/longreen/api/npm/npm/https-proxy-agent/-/https-proxy-agent-5.0.0.tgz",
      "integrity": "sha1-4qkFQqu2inYuCghQ9sntrf2FBrI=",
      "requires": {
        "agent-base": "6",
        "debug": "4"
      }
    },
    "inherits": {
      "version": "2.0.4",
      "resolved": "https://longreen.jfrog.io/longreen/api/npm/npm/inherits/-/inherits-2.0.4.tgz",
      "integrity": "sha1-D6LGT5MpF8NDOg3tVTY6rjdBa3w="
    },
    "is-stream": {
      "version": "2.0.0",
      "resolved": "https://longreen.jfrog.io/longreen/api/npm/npm/is-stream/-/is-stream-2.0.0.tgz",
      "integrity": "sha1-venDJoDW+uBBKdasnZIc54FfeOM="
    },
    "is-stream-ended": {
      "version": "0.1.4",
      "resolved": "https://longreen.jfrog.io/longreen/api/npm/npm/is-stream-ended/-/is-stream-ended-0.1.4.tgz",
      "integrity": "sha1-9QIk6V4GvODjVtRApIJ801smfto="
    },
    "json-bigint": {
      "version": "1.0.0",
      "resolved": "https://longreen.jfrog.io/longreen/api/npm/npm/json-bigint/-/json-bigint-1.0.0.tgz",
      "integrity": "sha1-rlR4I6wMrYOYZn+M2e9HMPWwH/E=",
      "requires": {
        "bignumber.js": "^9.0.0"
      }
    },
    "jwa": {
      "version": "2.0.0",
      "resolved": "https://longreen.jfrog.io/longreen/api/npm/npm/jwa/-/jwa-2.0.0.tgz",
      "integrity": "sha1-p+nD8p2ulAJ+vK9Jl1yTRVk0EPw=",
      "requires": {
        "buffer-equal-constant-time": "1.0.1",
        "ecdsa-sig-formatter": "1.0.11",
        "safe-buffer": "^5.0.1"
      }
    },
    "jws": {
      "version": "4.0.0",
      "resolved": "https://longreen.jfrog.io/longreen/api/npm/npm/jws/-/jws-4.0.0.tgz",
      "integrity": "sha1-LU6M9qMY/6oSYV6d7H6G5slzEPQ=",
      "requires": {
        "jwa": "^2.0.0",
        "safe-buffer": "^5.0.1"
      }
    },
    "lodash.camelcase": {
      "version": "4.3.0",
      "resolved": "https://longreen.jfrog.io/longreen/api/npm/npm/lodash.camelcase/-/lodash.camelcase-4.3.0.tgz",
      "integrity": "sha1-soqmKIorn8ZRA1x3EfZathkDMaY="
    },
    "long": {
      "version": "4.0.0",
      "resolved": "https://longreen.jfrog.io/longreen/api/npm/npm/long/-/long-4.0.0.tgz",
      "integrity": "sha1-mntxz7fTYaGU6lVSQckvdGjVvyg="
    },
    "lru-cache": {
      "version": "6.0.0",
      "resolved": "https://longreen.jfrog.io/longreen/api/npm/npm/lru-cache/-/lru-cache-6.0.0.tgz",
      "integrity": "sha1-bW/mVw69lqr5D8rR2vo7JWbbOpQ=",
      "requires": {
        "yallist": "^4.0.0"
      }
    },
    "mime": {
      "version": "2.4.7",
      "resolved": "https://longreen.jfrog.io/longreen/api/npm/npm/mime/-/mime-2.4.7.tgz",
      "integrity": "sha1-lirtm+DtGckf19wuzl1/TompDXQ="
    },
    "ms": {
      "version": "2.1.2",
      "resolved": "https://longreen.jfrog.io/longreen/api/npm/npm/ms/-/ms-2.1.2.tgz",
      "integrity": "sha1-0J0fNXtEP0kzgqjrPM0YOHKuYAk="
    },
    "node-fetch": {
      "version": "2.6.1",
      "resolved": "https://longreen.jfrog.io/longreen/api/npm/npm/node-fetch/-/node-fetch-2.6.1.tgz",
      "integrity": "sha1-BFvTI2Mfdu0uK1VXM5RBa2OaAFI="
    },
    "node-forge": {
      "version": "0.10.0",
      "resolved": "https://longreen.jfrog.io/longreen/api/npm/npm/node-forge/-/node-forge-0.10.0.tgz",
      "integrity": "sha1-Mt6ir7Ppkm8C7lzoeUkCaRpna/M="
    },
    "once": {
      "version": "1.4.0",
      "resolved": "https://longreen.jfrog.io/longreen/api/npm/npm/once/-/once-1.4.0.tgz",
      "integrity": "sha1-WDsap3WWHUsROsF9nFC6753Xa9E=",
      "requires": {
        "wrappy": "1"
      }
    },
    "protobufjs": {
      "version": "6.10.2",
      "resolved": "https://longreen.jfrog.io/longreen/api/npm/npm/protobufjs/-/protobufjs-6.10.2.tgz",
      "integrity": "sha1-uctr2OyPh1FFkro/39KOk/M6Rps=",
      "requires": {
        "@protobufjs/aspromise": "^1.1.2",
        "@protobufjs/base64": "^1.1.2",
        "@protobufjs/codegen": "^2.0.4",
        "@protobufjs/eventemitter": "^1.1.0",
        "@protobufjs/fetch": "^1.1.0",
        "@protobufjs/float": "^1.0.2",
        "@protobufjs/inquire": "^1.1.0",
        "@protobufjs/path": "^1.1.2",
        "@protobufjs/pool": "^1.1.0",
        "@protobufjs/utf8": "^1.1.0",
        "@types/long": "^4.0.1",
        "@types/node": "^13.7.0",
        "long": "^4.0.0"
      },
      "dependencies": {
        "@types/node": {
          "version": "13.13.39",
          "resolved": "https://longreen.jfrog.io/longreen/api/npm/npm/@types/node/-/node-13.13.39.tgz",
          "integrity": "sha1-I30HH7WT06qpb2VajrL5Hg+xSAw="
        }
      }
    },
    "readable-stream": {
      "version": "3.6.0",
      "resolved": "https://longreen.jfrog.io/longreen/api/npm/npm/readable-stream/-/readable-stream-3.6.0.tgz",
      "integrity": "sha1-M3u9o63AcGvT4CRCaihtS0sskZg=",
      "requires": {
        "inherits": "^2.0.3",
        "string_decoder": "^1.1.1",
        "util-deprecate": "^1.0.1"
      }
    },
    "retry-request": {
      "version": "4.1.3",
      "resolved": "https://longreen.jfrog.io/longreen/api/npm/npm/retry-request/-/retry-request-4.1.3.tgz",
      "integrity": "sha1-1fdNryYTcs/1jQiwoZebTXyrD94=",
      "requires": {
        "debug": "^4.1.1"
      }
    },
    "safe-buffer": {
      "version": "5.2.1",
      "resolved": "https://longreen.jfrog.io/longreen/api/npm/npm/safe-buffer/-/safe-buffer-5.2.1.tgz",
      "integrity": "sha1-Hq+fqb2x/dTsdfWPnNtOa3gn7sY="
    },
    "semver": {
      "version": "6.3.0",
      "resolved": "https://longreen.jfrog.io/longreen/api/npm/npm/semver/-/semver-6.3.0.tgz",
      "integrity": "sha1-7gpkyK9ejO6mdoexM3YeG+y9HT0="
    },
    "stream-shift": {
      "version": "1.0.1",
      "resolved": "https://longreen.jfrog.io/longreen/api/npm/npm/stream-shift/-/stream-shift-1.0.1.tgz",
      "integrity": "sha1-1wiCgVWasneEJCebCHfaPDktWj0="
    },
    "string_decoder": {
      "version": "1.3.0",
      "resolved": "https://longreen.jfrog.io/longreen/api/npm/npm/string_decoder/-/string_decoder-1.3.0.tgz",
      "integrity": "sha1-QvEUWUpGzxqOMLCoT1bHjD7awh4=",
      "requires": {
        "safe-buffer": "~5.2.0"
      }
    },
    "typescript": {
      "version": "4.1.3",
      "resolved": "https://longreen.jfrog.io/longreen/api/npm/npm/typescript/-/typescript-4.1.3.tgz",
      "integrity": "sha1-UZ1YK9lMugz4k0x9joRn5HP1O7c="
    },
    "util-deprecate": {
      "version": "1.0.2",
      "resolved": "https://longreen.jfrog.io/longreen/api/npm/npm/util-deprecate/-/util-deprecate-1.0.2.tgz",
      "integrity": "sha1-RQ1Nyfpw3nMnYvvS1KKJgUGaDM8="
    },
    "wrappy": {
      "version": "1.0.2",
      "resolved": "https://longreen.jfrog.io/longreen/api/npm/npm/wrappy/-/wrappy-1.0.2.tgz",
      "integrity": "sha1-tSQ9jz7BqjXxNkYFvA0QNuMKtp8="
    },
    "yallist": {
      "version": "4.0.0",
      "resolved": "https://longreen.jfrog.io/longreen/api/npm/npm/yallist/-/yallist-4.0.0.tgz",
      "integrity": "sha1-m7knkNnA7/7GO+c1GeEaNQGaOnI="
    }
  }
}
